// !$*UTF8*$!
{
	archiveVersion = 1;
	classes = {
	};
	objectVersion = 46;
	objects = {

/* Begin PBXBuildFile section */
		44D19107D65924E91B830E04 /* libPods-video-chat.a in Frameworks */ = {isa = PBXBuildFile; fileRef = DD670A4B2F28DF5696A773F6 /* libPods-video-chat.a */; };
		F0D136781F02BD1E00CE5E06 /* main.m in Sources */ = {isa = PBXBuildFile; fileRef = F0D136771F02BD1E00CE5E06 /* main.m */; };
		F0D1367B1F02BD1E00CE5E06 /* AppDelegate.m in Sources */ = {isa = PBXBuildFile; fileRef = F0D1367A1F02BD1E00CE5E06 /* AppDelegate.m */; };
		F0D1367E1F02BD1E00CE5E06 /* ViewController.m in Sources */ = {isa = PBXBuildFile; fileRef = F0D1367D1F02BD1E00CE5E06 /* ViewController.m */; };
		F0D136811F02BD1E00CE5E06 /* Main.storyboard in Resources */ = {isa = PBXBuildFile; fileRef = F0D1367F1F02BD1E00CE5E06 /* Main.storyboard */; };
		F0D136831F02BD1E00CE5E06 /* Assets.xcassets in Resources */ = {isa = PBXBuildFile; fileRef = F0D136821F02BD1E00CE5E06 /* Assets.xcassets */; };
		F0D136861F02BD1E00CE5E06 /* LaunchScreen.storyboard in Resources */ = {isa = PBXBuildFile; fileRef = F0D136841F02BD1E00CE5E06 /* LaunchScreen.storyboard */; };
/* End PBXBuildFile section */

/* Begin PBXFileReference section */
		615A0637A85D0E84A9E87E2A /* Pods-video-chat.release.xcconfig */ = {isa = PBXFileReference; includeInIndex = 1; lastKnownFileType = text.xcconfig; name = "Pods-video-chat.release.xcconfig"; path = "Pods/Target Support Files/Pods-video-chat/Pods-video-chat.release.xcconfig"; sourceTree = "<group>"; };
		9E3B0E948702550FC4D8581A /* Pods-video-chat.debug.xcconfig */ = {isa = PBXFileReference; includeInIndex = 1; lastKnownFileType = text.xcconfig; name = "Pods-video-chat.debug.xcconfig"; path = "Pods/Target Support Files/Pods-video-chat/Pods-video-chat.debug.xcconfig"; sourceTree = "<group>"; };
		DD670A4B2F28DF5696A773F6 /* libPods-video-chat.a */ = {isa = PBXFileReference; explicitFileType = archive.ar; includeInIndex = 0; path = "libPods-video-chat.a"; sourceTree = BUILT_PRODUCTS_DIR; };
		F0D136731F02BD1E00CE5E06 /* video-chat.app */ = {isa = PBXFileReference; explicitFileType = wrapper.application; includeInIndex = 0; path = "video-chat.app"; sourceTree = BUILT_PRODUCTS_DIR; };
		F0D136771F02BD1E00CE5E06 /* main.m */ = {isa = PBXFileReference; lastKnownFileType = sourcecode.c.objc; path = main.m; sourceTree = "<group>"; };
		F0D136791F02BD1E00CE5E06 /* AppDelegate.h */ = {isa = PBXFileReference; lastKnownFileType = sourcecode.c.h; path = AppDelegate.h; sourceTree = "<group>"; };
		F0D1367A1F02BD1E00CE5E06 /* AppDelegate.m */ = {isa = PBXFileReference; lastKnownFileType = sourcecode.c.objc; path = AppDelegate.m; sourceTree = "<group>"; };
		F0D1367C1F02BD1E00CE5E06 /* ViewController.h */ = {isa = PBXFileReference; lastKnownFileType = sourcecode.c.h; path = ViewController.h; sourceTree = "<group>"; };
		F0D1367D1F02BD1E00CE5E06 /* ViewController.m */ = {isa = PBXFileReference; lastKnownFileType = sourcecode.c.objc; path = ViewController.m; sourceTree = "<group>"; };
		F0D136801F02BD1E00CE5E06 /* Base */ = {isa = PBXFileReference; lastKnownFileType = file.storyboard; name = Base; path = Base.lproj/Main.storyboard; sourceTree = "<group>"; };
		F0D136821F02BD1E00CE5E06 /* Assets.xcassets */ = {isa = PBXFileReference; lastKnownFileType = folder.assetcatalog; path = Assets.xcassets; sourceTree = "<group>"; };
		F0D136851F02BD1E00CE5E06 /* Base */ = {isa = PBXFileReference; lastKnownFileType = file.storyboard; name = Base; path = Base.lproj/LaunchScreen.storyboard; sourceTree = "<group>"; };
		F0D136871F02BD1E00CE5E06 /* Info.plist */ = {isa = PBXFileReference; lastKnownFileType = text.plist.xml; path = Info.plist; sourceTree = "<group>"; };
/* End PBXFileReference section */

/* Begin PBXFrameworksBuildPhase section */
		F0D136701F02BD1E00CE5E06 /* Frameworks */ = {
			isa = PBXFrameworksBuildPhase;
			buildActionMask = 2147483647;
			files = (
				44D19107D65924E91B830E04 /* libPods-video-chat.a in Frameworks */,
			);
			runOnlyForDeploymentPostprocessing = 0;
		};
/* End PBXFrameworksBuildPhase section */

/* Begin PBXGroup section */
		3CB0434AC279770721E9B47B /* Frameworks */ = {
			isa = PBXGroup;
			children = (
				DD670A4B2F28DF5696A773F6 /* libPods-video-chat.a */,
			);
			name = Frameworks;
			sourceTree = "<group>";
		};
		E708C4DE03CD7411C7EC38C5 /* Pods */ = {
			isa = PBXGroup;
			children = (
				9E3B0E948702550FC4D8581A /* Pods-video-chat.debug.xcconfig */,
				615A0637A85D0E84A9E87E2A /* Pods-video-chat.release.xcconfig */,
			);
			name = Pods;
			sourceTree = "<group>";
		};
		F0D1366A1F02BD1E00CE5E06 = {
			isa = PBXGroup;
			children = (
				F0D136751F02BD1E00CE5E06 /* video-chat */,
				F0D136741F02BD1E00CE5E06 /* Products */,
				E708C4DE03CD7411C7EC38C5 /* Pods */,
				3CB0434AC279770721E9B47B /* Frameworks */,
			);
			sourceTree = "<group>";
		};
		F0D136741F02BD1E00CE5E06 /* Products */ = {
			isa = PBXGroup;
			children = (
				F0D136731F02BD1E00CE5E06 /* video-chat.app */,
			);
			name = Products;
			sourceTree = "<group>";
		};
		F0D136751F02BD1E00CE5E06 /* video-chat */ = {
			isa = PBXGroup;
			children = (
				F0D136791F02BD1E00CE5E06 /* AppDelegate.h */,
				F0D1367A1F02BD1E00CE5E06 /* AppDelegate.m */,
				F0D1367C1F02BD1E00CE5E06 /* ViewController.h */,
				F0D1367D1F02BD1E00CE5E06 /* ViewController.m */,
				F0D1367F1F02BD1E00CE5E06 /* Main.storyboard */,
				F0D136821F02BD1E00CE5E06 /* Assets.xcassets */,
				F0D136841F02BD1E00CE5E06 /* LaunchScreen.storyboard */,
				F0D136871F02BD1E00CE5E06 /* Info.plist */,
				F0D136761F02BD1E00CE5E06 /* Supporting Files */,
			);
			path = "video-chat";
			sourceTree = "<group>";
		};
		F0D136761F02BD1E00CE5E06 /* Supporting Files */ = {
			isa = PBXGroup;
			children = (
				F0D136771F02BD1E00CE5E06 /* main.m */,
			);
			name = "Supporting Files";
			sourceTree = "<group>";
		};
/* End PBXGroup section */

/* Begin PBXNativeTarget section */
		F0D136721F02BD1E00CE5E06 /* video-chat */ = {
			isa = PBXNativeTarget;
			buildConfigurationList = F0D1368A1F02BD1E00CE5E06 /* Build configuration list for PBXNativeTarget "video-chat" */;
			buildPhases = (
				CC3EAC3022524C92BB2B0ED7 /* [CP] Check Pods Manifest.lock */,
				F0D1366F1F02BD1E00CE5E06 /* Sources */,
				F0D136701F02BD1E00CE5E06 /* Frameworks */,
				F0D136711F02BD1E00CE5E06 /* Resources */,
				8DC77CE230787B283A633166 /* [CP] Embed Pods Frameworks */,
				D4F791F7F25C048F5168D56B /* [CP] Copy Pods Resources */,
			);
			buildRules = (
			);
			dependencies = (
			);
			name = "video-chat";
			productName = "video-chat";
			productReference = F0D136731F02BD1E00CE5E06 /* video-chat.app */;
			productType = "com.apple.product-type.application";
		};
/* End PBXNativeTarget section */

/* Begin PBXProject section */
		F0D1366B1F02BD1E00CE5E06 /* Project object */ = {
			isa = PBXProject;
			attributes = {
				LastUpgradeCheck = 0830;
				ORGANIZATIONNAME = dotEngine;
				TargetAttributes = {
					F0D136721F02BD1E00CE5E06 = {
						CreatedOnToolsVersion = 8.3;
						DevelopmentTeam = CLKRLU8RPY;
						ProvisioningStyle = Automatic;
					};
				};
			};
			buildConfigurationList = F0D1366E1F02BD1E00CE5E06 /* Build configuration list for PBXProject "video-chat" */;
			compatibilityVersion = "Xcode 3.2";
			developmentRegion = English;
			hasScannedForEncodings = 0;
			knownRegions = (
				en,
				Base,
			);
			mainGroup = F0D1366A1F02BD1E00CE5E06;
			productRefGroup = F0D136741F02BD1E00CE5E06 /* Products */;
			projectDirPath = "";
			projectRoot = "";
			targets = (
				F0D136721F02BD1E00CE5E06 /* video-chat */,
			);
		};
/* End PBXProject section */

/* Begin PBXResourcesBuildPhase section */
		F0D136711F02BD1E00CE5E06 /* Resources */ = {
			isa = PBXResourcesBuildPhase;
			buildActionMask = 2147483647;
			files = (
				F0D136861F02BD1E00CE5E06 /* LaunchScreen.storyboard in Resources */,
				F0D136831F02BD1E00CE5E06 /* Assets.xcassets in Resources */,
				F0D136811F02BD1E00CE5E06 /* Main.storyboard in Resources */,
			);
			runOnlyForDeploymentPostprocessing = 0;
		};
/* End PBXResourcesBuildPhase section */

/* Begin PBXShellScriptBuildPhase section */
		8DC77CE230787B283A633166 /* [CP] Embed Pods Frameworks */ = {
			isa = PBXShellScriptBuildPhase;
			buildActionMask = 2147483647;
			files = (
			);
			inputPaths = (
			);
			name = "[CP] Embed Pods Frameworks";
			outputPaths = (
			);
			runOnlyForDeploymentPostprocessing = 0;
			shellPath = /bin/sh;
			shellScript = "\"${SRCROOT}/Pods/Target Support Files/Pods-video-chat/Pods-video-chat-frameworks.sh\"\n";
			showEnvVarsInLog = 0;
		};
		CC3EAC3022524C92BB2B0ED7 /* [CP] Check Pods Manifest.lock */ = {
			isa = PBXShellScriptBuildPhase;
			buildActionMask = 2147483647;
			files = (
			);
			inputPaths = (
			);
			name = "[CP] Check Pods Manifest.lock";
			outputPaths = (
			);
			runOnlyForDeploymentPostprocessing = 0;
			shellPath = /bin/sh;
			shellScript = "diff \"${PODS_ROOT}/../Podfile.lock\" \"${PODS_ROOT}/Manifest.lock\" > /dev/null\nif [ $? != 0 ] ; then\n    # print error to STDERR\n    echo \"error: The sandbox is not in sync with the Podfile.lock. Run 'pod install' or update your CocoaPods installation.\" >&2\n    exit 1\nfi\n";
			showEnvVarsInLog = 0;
		};
		D4F791F7F25C048F5168D56B /* [CP] Copy Pods Resources */ = {
			isa = PBXShellScriptBuildPhase;
			buildActionMask = 2147483647;
			files = (
			);
			inputPaths = (
			);
			name = "[CP] Copy Pods Resources";
			outputPaths = (
			);
			runOnlyForDeploymentPostprocessing = 0;
			shellPath = /bin/sh;
			shellScript = "\"${SRCROOT}/Pods/Target Support Files/Pods-video-chat/Pods-video-chat-resources.sh\"\n";
			showEnvVarsInLog = 0;
		};
/* End PBXShellScriptBuildPhase section */

/* Begin PBXSourcesBuildPhase section */
		F0D1366F1F02BD1E00CE5E06 /* Sources */ = {
			isa = PBXSourcesBuildPhase;
			buildActionMask = 2147483647;
			files = (
				F0D1367E1F02BD1E00CE5E06 /* ViewController.m in Sources */,
				F0D1367B1F02BD1E00CE5E06 /* AppDelegate.m in Sources */,
				F0D136781F02BD1E00CE5E06 /* main.m in Sources */,
			);
			runOnlyForDeploymentPostprocessing = 0;
		};
/* End PBXSourcesBuildPhase section */

/* Begin PBXVariantGroup section */
		F0D1367F1F02BD1E00CE5E06 /* Main.storyboard */ = {
			isa = PBXVariantGroup;
			children = (
				F0D136801F02BD1E00CE5E06 /* Base */,
			);
			name = Main.storyboard;
			sourceTree = "<group>";
		};
		F0D136841F02BD1E00CE5E06 /* LaunchScreen.storyboard */ = {
			isa = PBXVariantGroup;
			children = (
				F0D136851F02BD1E00CE5E06 /* Base */,
			);
			name = LaunchScreen.storyboard;
			sourceTree = "<group>";
		};
/* End PBXVariantGroup section */

/* Begin XCBuildConfiguration section */
		F0D136881F02BD1E00CE5E06 /* Debug */ = {
			isa = XCBuildConfiguration;
			buildSettings = {
				ALWAYS_SEARCH_USER_PATHS = NO;
				CLANG_ANALYZER_NONNULL = YES;
				CLANG_ANALYZER_NUMBER_OBJECT_CONVERSION = YES_AGGRESSIVE;
				CLANG_CXX_LANGUAGE_STANDARD = "gnu++0x";
				CLANG_CXX_LIBRARY = "libc++";
				CLANG_ENABLE_MODULES = YES;
				CLANG_ENABLE_OBJC_ARC = YES;
				CLANG_WARN_BOOL_CONVERSION = YES;
				CLANG_WARN_CONSTANT_CONVERSION = YES;
				CLANG_WARN_DIRECT_OBJC_ISA_USAGE = YES_ERROR;
				CLANG_WARN_DOCUMENTATION_COMMENTS = YES;
				CLANG_WARN_EMPTY_BODY = YES;
				CLANG_WARN_ENUM_CONVERSION = YES;
				CLANG_WARN_INFINITE_RECURSION = YES;
				CLANG_WARN_INT_CONVERSION = YES;
				CLANG_WARN_OBJC_ROOT_CLASS = YES_ERROR;
				CLANG_WARN_SUSPICIOUS_MOVE = YES;
				CLANG_WARN_UNREACHABLE_CODE = YES;
				CLANG_WARN__DUPLICATE_METHOD_MATCH = YES;
				"CODE_SIGN_IDENTITY[sdk=iphoneos*]" = "iPhone Developer";
				COPY_PHASE_STRIP = NO;
				DEBUG_INFORMATION_FORMAT = dwarf;
				ENABLE_STRICT_OBJC_MSGSEND = YES;
				ENABLE_TESTABILITY = YES;
				GCC_C_LANGUAGE_STANDARD = gnu99;
				GCC_DYNAMIC_NO_PIC = NO;
				GCC_NO_COMMON_BLOCKS = YES;
				GCC_OPTIMIZATION_LEVEL = 0;
				GCC_PREPROCESSOR_DEFINITIONS = (
					"DEBUG=1",
					"$(inherited)",
				);
				GCC_WARN_64_TO_32_BIT_CONVERSION = YES;
				GCC_WARN_ABOUT_RETURN_TYPE = YES_ERROR;
				GCC_WARN_UNDECLARED_SELECTOR = YES;
				GCC_WARN_UNINITIALIZED_AUTOS = YES_AGGRESSIVE;
				GCC_WARN_UNUSED_FUNCTION = YES;
				GCC_WARN_UNUSED_VARIABLE = YES;
				IPHONEOS_DEPLOYMENT_TARGET = 10.3;
				MTL_ENABLE_DEBUG_INFO = YES;
				ONLY_ACTIVE_ARCH = YES;
				SDKROOT = iphoneos;
			};
			name = Debug;
		};
		F0D136891F02BD1E00CE5E06 /* Release */ = {
			isa = XCBuildConfiguration;
			buildSettings = {
				ALWAYS_SEARCH_USER_PATHS = NO;
				CLANG_ANALYZER_NONNULL = YES;
				CLANG_ANALYZER_NUMBER_OBJECT_CONVERSION = YES_AGGRESSIVE;
				CLANG_CXX_LANGUAGE_STANDARD = "gnu++0x";
				CLANG_CXX_LIBRARY = "libc++";
				CLANG_ENABLE_MODULES = YES;
				CLANG_ENABLE_OBJC_ARC = YES;
				CLANG_WARN_BOOL_CONVERSION = YES;
				CLANG_WARN_CONSTANT_CONVERSION = YES;
				CLANG_WARN_DIRECT_OBJC_ISA_USAGE = YES_ERROR;
				CLANG_WARN_DOCUMENTATION_COMMENTS = YES;
				CLANG_WARN_EMPTY_BODY = YES;
				CLANG_WARN_ENUM_CONVERSION = YES;
				CLANG_WARN_INFINITE_RECURSION = YES;
				CLANG_WARN_INT_CONVERSION = YES;
				CLANG_WARN_OBJC_ROOT_CLASS = YES_ERROR;
				CLANG_WARN_SUSPICIOUS_MOVE = YES;
				CLANG_WARN_UNREACHABLE_CODE = YES;
				CLANG_WARN__DUPLICATE_METHOD_MATCH = YES;
				"CODE_SIGN_IDENTITY[sdk=iphoneos*]" = "iPhone Developer";
				COPY_PHASE_STRIP = NO;
				DEBUG_INFORMATION_FORMAT = "dwarf-with-dsym";
				ENABLE_NS_ASSERTIONS = NO;
				ENABLE_STRICT_OBJC_MSGSEND = YES;
				GCC_C_LANGUAGE_STANDARD = gnu99;
				GCC_NO_COMMON_BLOCKS = YES;
				GCC_WARN_64_TO_32_BIT_CONVERSION = YES;
				GCC_WARN_ABOUT_RETURN_TYPE = YES_ERROR;
				GCC_WARN_UNDECLARED_SELECTOR = YES;
				GCC_WARN_UNINITIALIZED_AUTOS = YES_AGGRESSIVE;
				GCC_WARN_UNUSED_FUNCTION = YES;
				GCC_WARN_UNUSED_VARIABLE = YES;
				IPHONEOS_DEPLOYMENT_TARGET = 10.3;
				MTL_ENABLE_DEBUG_INFO = NO;
				SDKROOT = iphoneos;
				VALIDATE_PRODUCT = YES;
			};
			name = Release;
		};
		F0D1368B1F02BD1E00CE5E06 /* Debug */ = {
			isa = XCBuildConfiguration;
			baseConfigurationReference = 9E3B0E948702550FC4D8581A /* Pods-video-chat.debug.xcconfig */;
			buildSettings = {
				ASSETCATALOG_COMPILER_APPICON_NAME = AppIcon;
				DEVELOPMENT_TEAM = CLKRLU8RPY;
				ENABLE_BITCODE = NO;
				INFOPLIST_FILE = "video-chat/Info.plist";
				LD_RUNPATH_SEARCH_PATHS = "$(inherited) @executable_path/Frameworks";
				PRODUCT_BUNDLE_IDENTIFIER = "cc.dot.video-chat";
				PRODUCT_NAME = "$(TARGET_NAME)";
			};
			name = Debug;
		};
		F0D1368C1F02BD1E00CE5E06 /* Release */ = {
			isa = XCBuildConfiguration;
			baseConfigurationReference = 615A0637A85D0E84A9E87E2A /* Pods-video-chat.release.xcconfig */;
			buildSettings = {
				ASSETCATALOG_COMPILER_APPICON_NAME = AppIcon;
				DEVELOPMENT_TEAM = CLKRLU8RPY;
				ENABLE_BITCODE = NO;
				INFOPLIST_FILE = "video-chat/Info.plist";
				LD_RUNPATH_SEARCH_PATHS = "$(inherited) @executable_path/Frameworks";
				PRODUCT_BUNDLE_IDENTIFIER = "cc.dot.video-chat";
				PRODUCT_NAME = "$(TARGET_NAME)";
			};
			name = Release;
		};
/* End XCBuildConfiguration section */

/* Begin XCConfigurationList section */
		F0D1366E1F02BD1E00CE5E06 /* Build configuration list for PBXProject "video-chat" */ = {
			isa = XCConfigurationList;
			buildConfigurations = (
				F0D136881F02BD1E00CE5E06 /* Debug */,
				F0D136891F02BD1E00CE5E06 /* Release */,
			);
			defaultConfigurationIsVisible = 0;
			defaultConfigurationName = Release;
		};
		F0D1368A1F02BD1E00CE5E06 /* Build configuration list for PBXNativeTarget "video-chat" */ = {
			isa = XCConfigurationList;
			buildConfigurations = (
				F0D1368B1F02BD1E00CE5E06 /* Debug */,
				F0D1368C1F02BD1E00CE5E06 /* Release */,
			);
			defaultConfigurationIsVisible = 0;
			defaultConfigurationName = Release;
		};
/* End XCConfigurationList section */
	};
	rootObject = F0D1366B1F02BD1E00CE5E06 /* Project object */;
}
